// !$*UTF8*$!
{
	archiveVersion = 1;
	classes = {
	};
	objectVersion = 46;
	objects = {

/* Begin PBXBuildFile section */
		B10937C11D1A6F3C001446B2 /* main.m in Sources */ = {isa = PBXBuildFile; fileRef = B10937C01D1A6F3C001446B2 /* main.m */; };
		B10937C41D1A6F3C001446B2 /* AppDelegate.m in Sources */ = {isa = PBXBuildFile; fileRef = B10937C31D1A6F3C001446B2 /* AppDelegate.m */; };
		B10937CC1D1A6F3C001446B2 /* Assets.xcassets in Resources */ = {isa = PBXBuildFile; fileRef = B10937CB1D1A6F3C001446B2 /* Assets.xcassets */; };
		B15990561D1EDB5E005EAA6B /* MainEssenceViewController.m in Sources */ = {isa = PBXBuildFile; fileRef = B15990551D1EDB5E005EAA6B /* MainEssenceViewController.m */; };
		B15990591D1EDBAF005EAA6B /* MainNewViewController.m in Sources */ = {isa = PBXBuildFile; fileRef = B15990581D1EDBAF005EAA6B /* MainNewViewController.m */; };
		B159905C1D1EDBC6005EAA6B /* MainFriendViewController.m in Sources */ = {isa = PBXBuildFile; fileRef = B159905B1D1EDBC6005EAA6B /* MainFriendViewController.m */; };
		B159905F1D1EDBD0005EAA6B /* MainMeViewController.m in Sources */ = {isa = PBXBuildFile; fileRef = B159905E1D1EDBD0005EAA6B /* MainMeViewController.m */; };
		B170C4021D1D6B1400F79DC3 /* MainTabBarController.m in Sources */ = {isa = PBXBuildFile; fileRef = B170C4011D1D6B1400F79DC3 /* MainTabBarController.m */; };
		B1FE70381D1FA9AD00D13935 /* MainTabBar.m in Sources */ = {isa = PBXBuildFile; fileRef = B1FE70371D1FA9AD00D13935 /* MainTabBar.m */; };
/* End PBXBuildFile section */

/* Begin PBXFileReference section */
		B10937BC1D1A6F3C001446B2 /* 百思不得姐.app */ = {isa = PBXFileReference; explicitFileType = wrapper.application; includeInIndex = 0; path = "百思不得姐.app"; sourceTree = BUILT_PRODUCTS_DIR; };
		B10937C01D1A6F3C001446B2 /* main.m */ = {isa = PBXFileReference; lastKnownFileType = sourcecode.c.objc; path = main.m; sourceTree = "<group>"; };
		B10937C21D1A6F3C001446B2 /* AppDelegate.h */ = {isa = PBXFileReference; lastKnownFileType = sourcecode.c.h; path = AppDelegate.h; sourceTree = "<group>"; };
		B10937C31D1A6F3C001446B2 /* AppDelegate.m */ = {isa = PBXFileReference; lastKnownFileType = sourcecode.c.objc; path = AppDelegate.m; sourceTree = "<group>"; };
		B10937CB1D1A6F3C001446B2 /* Assets.xcassets */ = {isa = PBXFileReference; lastKnownFileType = folder.assetcatalog; path = Assets.xcassets; sourceTree = "<group>"; };
		B10937D01D1A6F3C001446B2 /* Info.plist */ = {isa = PBXFileReference; lastKnownFileType = text.plist.xml; path = Info.plist; sourceTree = "<group>"; };
		B15990541D1EDB5E005EAA6B /* MainEssenceViewController.h */ = {isa = PBXFileReference; fileEncoding = 4; lastKnownFileType = sourcecode.c.h; path = MainEssenceViewController.h; sourceTree = "<group>"; };
		B15990551D1EDB5E005EAA6B /* MainEssenceViewController.m */ = {isa = PBXFileReference; fileEncoding = 4; lastKnownFileType = sourcecode.c.objc; path = MainEssenceViewController.m; sourceTree = "<group>"; };
		B15990571D1EDBAF005EAA6B /* MainNewViewController.h */ = {isa = PBXFileReference; fileEncoding = 4; lastKnownFileType = sourcecode.c.h; path = MainNewViewController.h; sourceTree = "<group>"; };
		B15990581D1EDBAF005EAA6B /* MainNewViewController.m */ = {isa = PBXFileReference; fileEncoding = 4; lastKnownFileType = sourcecode.c.objc; path = MainNewViewController.m; sourceTree = "<group>"; };
		B159905A1D1EDBC6005EAA6B /* MainFriendViewController.h */ = {isa = PBXFileReference; fileEncoding = 4; lastKnownFileType = sourcecode.c.h; path = MainFriendViewController.h; sourceTree = "<group>"; };
		B159905B1D1EDBC6005EAA6B /* MainFriendViewController.m */ = {isa = PBXFileReference; fileEncoding = 4; lastKnownFileType = sourcecode.c.objc; path = MainFriendViewController.m; sourceTree = "<group>"; };
		B159905D1D1EDBD0005EAA6B /* MainMeViewController.h */ = {isa = PBXFileReference; fileEncoding = 4; lastKnownFileType = sourcecode.c.h; path = MainMeViewController.h; sourceTree = "<group>"; };
		B159905E1D1EDBD0005EAA6B /* MainMeViewController.m */ = {isa = PBXFileReference; fileEncoding = 4; lastKnownFileType = sourcecode.c.objc; path = MainMeViewController.m; sourceTree = "<group>"; };
		B170C4001D1D6B1400F79DC3 /* MainTabBarController.h */ = {isa = PBXFileReference; fileEncoding = 4; lastKnownFileType = sourcecode.c.h; path = MainTabBarController.h; sourceTree = "<group>"; };
		B170C4011D1D6B1400F79DC3 /* MainTabBarController.m */ = {isa = PBXFileReference; fileEncoding = 4; lastKnownFileType = sourcecode.c.objc; path = MainTabBarController.m; sourceTree = "<group>"; };
		B1FE70361D1FA9AD00D13935 /* MainTabBar.h */ = {isa = PBXFileReference; fileEncoding = 4; lastKnownFileType = sourcecode.c.h; path = MainTabBar.h; sourceTree = "<group>"; };
		B1FE70371D1FA9AD00D13935 /* MainTabBar.m */ = {isa = PBXFileReference; fileEncoding = 4; lastKnownFileType = sourcecode.c.objc; path = MainTabBar.m; sourceTree = "<group>"; };
/* End PBXFileReference section */

/* Begin PBXFrameworksBuildPhase section */
		B10937B91D1A6F3C001446B2 /* Frameworks */ = {
			isa = PBXFrameworksBuildPhase;
			buildActionMask = 2147483647;
			files = (
			);
			runOnlyForDeploymentPostprocessing = 0;
		};
/* End PBXFrameworksBuildPhase section */

/* Begin PBXGroup section */
		B10937B31D1A6F3C001446B2 = {
			isa = PBXGroup;
			children = (
				B10937BE1D1A6F3C001446B2 /* 百思不得姐 */,
				B10937BD1D1A6F3C001446B2 /* Products */,
			);
			sourceTree = "<group>";
		};
		B10937BD1D1A6F3C001446B2 /* Products */ = {
			isa = PBXGroup;
			children = (
				B10937BC1D1A6F3C001446B2 /* 百思不得姐.app */,
			);
			name = Products;
			sourceTree = "<group>";
		};
		B10937BE1D1A6F3C001446B2 /* 百思不得姐 */ = {
			isa = PBXGroup;
			children = (
				B10937C21D1A6F3C001446B2 /* AppDelegate.h */,
				B10937C31D1A6F3C001446B2 /* AppDelegate.m */,
				B170C4001D1D6B1400F79DC3 /* MainTabBarController.h */,
				B170C4011D1D6B1400F79DC3 /* MainTabBarController.m */,
				B15990541D1EDB5E005EAA6B /* MainEssenceViewController.h */,
				B15990551D1EDB5E005EAA6B /* MainEssenceViewController.m */,
				B15990571D1EDBAF005EAA6B /* MainNewViewController.h */,
				B15990581D1EDBAF005EAA6B /* MainNewViewController.m */,
				B159905A1D1EDBC6005EAA6B /* MainFriendViewController.h */,
				B159905B1D1EDBC6005EAA6B /* MainFriendViewController.m */,
				B159905D1D1EDBD0005EAA6B /* MainMeViewController.h */,
				B159905E1D1EDBD0005EAA6B /* MainMeViewController.m */,
				B1FE70361D1FA9AD00D13935 /* MainTabBar.h */,
				B1FE70371D1FA9AD00D13935 /* MainTabBar.m */,
				B10937BF1D1A6F3C001446B2 /* Supporting Files */,
			);
			path = "百思不得姐";
			sourceTree = "<group>";
		};
		B10937BF1D1A6F3C001446B2 /* Supporting Files */ = {
			isa = PBXGroup;
			children = (
				B10937CB1D1A6F3C001446B2 /* Assets.xcassets */,
				B10937D01D1A6F3C001446B2 /* Info.plist */,
				B10937C01D1A6F3C001446B2 /* main.m */,
			);
			name = "Supporting Files";
			sourceTree = "<group>";
		};
/* End PBXGroup section */

/* Begin PBXNativeTarget section */
		B10937BB1D1A6F3C001446B2 /* 百思不得姐 */ = {
			isa = PBXNativeTarget;
			buildConfigurationList = B10937D31D1A6F3C001446B2 /* Build configuration list for PBXNativeTarget "百思不得姐" */;
			buildPhases = (
				B10937B81D1A6F3C001446B2 /* Sources */,
				B10937B91D1A6F3C001446B2 /* Frameworks */,
				B10937BA1D1A6F3C001446B2 /* Resources */,
			);
			buildRules = (
			);
			dependencies = (
			);
			name = "百思不得姐";
			productName = "百思不得姐";
			productReference = B10937BC1D1A6F3C001446B2 /* 百思不得姐.app */;
			productType = "com.apple.product-type.application";
		};
/* End PBXNativeTarget section */

/* Begin PBXProject section */
		B10937B41D1A6F3C001446B2 /* Project object */ = {
			isa = PBXProject;
			attributes = {
				CLASSPREFIX = Main;
				LastUpgradeCheck = 0710;
				ORGANIZATIONNAME = NuNu;
				TargetAttributes = {
					B10937BB1D1A6F3C001446B2 = {
						CreatedOnToolsVersion = 7.1;
					};
				};
			};
			buildConfigurationList = B10937B71D1A6F3C001446B2 /* Build configuration list for PBXProject "百思不得姐" */;
			compatibilityVersion = "Xcode 3.2";
			developmentRegion = English;
			hasScannedForEncodings = 0;
			knownRegions = (
				en,
				Base,
			);
			mainGroup = B10937B31D1A6F3C001446B2;
			productRefGroup = B10937BD1D1A6F3C001446B2 /* Products */;
			projectDirPath = "";
			projectRoot = "";
			targets = (
				B10937BB1D1A6F3C001446B2 /* 百思不得姐 */,
			);
		};
/* End PBXProject section */

/* Begin PBXResourcesBuildPhase section */
		B10937BA1D1A6F3C001446B2 /* Resources */ = {
			isa = PBXResourcesBuildPhase;
			buildActionMask = 2147483647;
			files = (
				B10937CC1D1A6F3C001446B2 /* Assets.xcassets in Resources */,
			);
			runOnlyForDeploymentPostprocessing = 0;
		};
/* End PBXResourcesBuildPhase section */

/* Begin PBXSourcesBuildPhase section */
		B10937B81D1A6F3C001446B2 /* Sources */ = {
			isa = PBXSourcesBuildPhase;
			buildActionMask = 2147483647;
			files = (
				B1FE70381D1FA9AD00D13935 /* MainTabBar.m in Sources */,
				B159905F1D1EDBD0005EAA6B /* MainMeViewController.m in Sources */,
				B15990561D1EDB5E005EAA6B /* MainEssenceViewController.m in Sources */,
				B159905C1D1EDBC6005EAA6B /* MainFriendViewController.m in Sources */,
				B15990591D1EDBAF005EAA6B /* MainNewViewController.m in Sources */,
				B10937C41D1A6F3C001446B2 /* AppDelegate.m in Sources */,
				B10937C11D1A6F3C001446B2 /* main.m in Sources */,
				B170C4021D1D6B1400F79DC3 /* MainTabBarController.m in Sources */,
			);
			runOnlyForDeploymentPostprocessing = 0;
		};
/* End PBXSourcesBuildPhase section */

/* Begin XCBuildConfiguration section */
		B10937D11D1A6F3C001446B2 /* Debug */ = {
			isa = XCBuildConfiguration;
			buildSettings = {
				ALWAYS_SEARCH_USER_PATHS = NO;
				CLANG_CXX_LANGUAGE_STANDARD = "gnu++0x";
				CLANG_CXX_LIBRARY = "libc++";
				CLANG_ENABLE_MODULES = YES;
				CLANG_ENABLE_OBJC_ARC = YES;
				CLANG_WARN_BOOL_CONVERSION = YES;
				CLANG_WARN_CONSTANT_CONVERSION = YES;
				CLANG_WARN_DIRECT_OBJC_ISA_USAGE = YES_ERROR;
				CLANG_WARN_EMPTY_BODY = YES;
				CLANG_WARN_ENUM_CONVERSION = YES;
				CLANG_WARN_INT_CONVERSION = YES;
				CLANG_WARN_OBJC_ROOT_CLASS = YES_ERROR;
				CLANG_WARN_UNREACHABLE_CODE = YES;
				CLANG_WARN__DUPLICATE_METHOD_MATCH = YES;
				"CODE_SIGN_IDENTITY[sdk=iphoneos*]" = "iPhone Developer";
				COPY_PHASE_STRIP = NO;
				DEBUG_INFORMATION_FORMAT = dwarf;
				ENABLE_STRICT_OBJC_MSGSEND = YES;
				ENABLE_TESTABILITY = YES;
				GCC_C_LANGUAGE_STANDARD = gnu99;
				GCC_DYNAMIC_NO_PIC = NO;
				GCC_NO_COMMON_BLOCKS = YES;
				GCC_OPTIMIZATION_LEVEL = 0;
				GCC_PREPROCESSOR_DEFINITIONS = (
					"DEBUG=1",
					"$(inherited)",
				);
				GCC_WARN_64_TO_32_BIT_CONVERSION = YES;
				GCC_WARN_ABOUT_RETURN_TYPE = YES_ERROR;
				GCC_WARN_UNDECLARED_SELECTOR = YES;
				GCC_WARN_UNINITIALIZED_AUTOS = YES_AGGRESSIVE;
				GCC_WARN_UNUSED_FUNCTION = YES;
				GCC_WARN_UNUSED_VARIABLE = YES;
				IPHONEOS_DEPLOYMENT_TARGET = 9.1;
				MTL_ENABLE_DEBUG_INFO = YES;
				ONLY_ACTIVE_ARCH = YES;
				SDKROOT = iphoneos;
				TARGETED_DEVICE_FAMILY = "1,2";
			};
			name = Debug;
		};
		B10937D21D1A6F3C001446B2 /* Release */ = {
			isa = XCBuildConfiguration;
			buildSettings = {
				ALWAYS_SEARCH_USER_PATHS = NO;
				CLANG_CXX_LANGUAGE_STANDARD = "gnu++0x";
				CLANG_CXX_LIBRARY = "libc++";
				CLANG_ENABLE_MODULES = YES;
				CLANG_ENABLE_OBJC_ARC = YES;
				CLANG_WARN_BOOL_CONVERSION = YES;
				CLANG_WARN_CONSTANT_CONVERSION = YES;
				CLANG_WARN_DIRECT_OBJC_ISA_USAGE = YES_ERROR;
				CLANG_WARN_EMPTY_BODY = YES;
				CLANG_WARN_ENUM_CONVERSION = YES;
				CLANG_WARN_INT_CONVERSION = YES;
				CLANG_WARN_OBJC_ROOT_CLASS = YES_ERROR;
				CLANG_WARN_UNREACHABLE_CODE = YES;
				CLANG_WARN__DUPLICATE_METHOD_MATCH = YES;
				"CODE_SIGN_IDENTITY[sdk=iphoneos*]" = "iPhone Developer";
				COPY_PHASE_STRIP = NO;
				DEBUG_INFORMATION_FORMAT = "dwarf-with-dsym";
				ENABLE_NS_ASSERTIONS = NO;
				ENABLE_STRICT_OBJC_MSGSEND = YES;
				GCC_C_LANGUAGE_STANDARD = gnu99;
				GCC_NO_COMMON_BLOCKS = YES;
				GCC_WARN_64_TO_32_BIT_CONVERSION = YES;
				GCC_WARN_ABOUT_RETURN_TYPE = YES_ERROR;
				GCC_WARN_UNDECLARED_SELECTOR = YES;
				GCC_WARN_UNINITIALIZED_AUTOS = YES_AGGRESSIVE;
				GCC_WARN_UNUSED_FUNCTION = YES;
				GCC_WARN_UNUSED_VARIABLE = YES;
				IPHONEOS_DEPLOYMENT_TARGET = 9.1;
				MTL_ENABLE_DEBUG_INFO = NO;
				SDKROOT = iphoneos;
				TARGETED_DEVICE_FAMILY = "1,2";
				VALIDATE_PRODUCT = YES;
			};
			name = Release;
		};
		B10937D41D1A6F3C001446B2 /* Debug */ = {
			isa = XCBuildConfiguration;
			buildSettings = {
				ASSETCATALOG_COMPILER_APPICON_NAME = AppIcon;
				ASSETCATALOG_COMPILER_LAUNCHIMAGE_NAME = "Brand Assets";
				INFOPLIST_FILE = "百思不得姐/Info.plist";
				IPHONEOS_DEPLOYMENT_TARGET = 8.0;
				LD_RUNPATH_SEARCH_PATHS = "$(inherited) @executable_path/Frameworks";
				PRODUCT_BUNDLE_IDENTIFIER = "com.NuNu.-----";
				PRODUCT_NAME = "$(TARGET_NAME)";
			};
			name = Debug;
		};
		B10937D51D1A6F3C001446B2 /* Release */ = {
			isa = XCBuildConfiguration;
			buildSettings = {
				ASSETCATALOG_COMPILER_APPICON_NAME = AppIcon;
				ASSETCATALOG_COMPILER_LAUNCHIMAGE_NAME = "Brand Assets";
				INFOPLIST_FILE = "百思不得姐/Info.plist";
				IPHONEOS_DEPLOYMENT_TARGET = 8.0;
				LD_RUNPATH_SEARCH_PATHS = "$(inherited) @executable_path/Frameworks";
				PRODUCT_BUNDLE_IDENTIFIER = "com.NuNu.-----";
				PRODUCT_NAME = "$(TARGET_NAME)";
			};
			name = Release;
		};
/* End XCBuildConfiguration section */

/* Begin XCConfigurationList section */
		B10937B71D1A6F3C001446B2 /* Build configuration list for PBXProject "百思不得姐" */ = {
			isa = XCConfigurationList;
			buildConfigurations = (
				B10937D11D1A6F3C001446B2 /* Debug */,
				B10937D21D1A6F3C001446B2 /* Release */,
			);
			defaultConfigurationIsVisible = 0;
			defaultConfigurationName = Release;
		};
		B10937D31D1A6F3C001446B2 /* Build configuration list for PBXNativeTarget "百思不得姐" */ = {
			isa = XCConfigurationList;
			buildConfigurations = (
				B10937D41D1A6F3C001446B2 /* Debug */,
				B10937D51D1A6F3C001446B2 /* Release */,
			);
			defaultConfigurationIsVisible = 0;
			defaultConfigurationName = Release;
		};
/* End XCConfigurationList section */
	};
	rootObject = B10937B41D1A6F3C001446B2 /* Project object */;
}
